
Microsoft Visual Studio Solution File, Format Version 12.00
# Visual Studio Version 16
VisualStudioVersion = 16.0.29306.81
MinimumVisualStudioVersion = 10.0.40219.1
Project("{9A19103F-16F7-4668-BE54-9A1E7A4F7556}") = "AtomicCore", "AtomicCore\AtomicCore.csproj", "{BBD9F726-4A9D-4525-8388-5211CCDDC0FE}"
EndProject
Project("{2150E333-8FDC-42A3-9474-1A3956D46DE8}") = "Source", "Source", "{AC8D0699-48E5-484C-A64D-052945EFC20F}"
EndProject
Project("{2150E333-8FDC-42A3-9474-1A3956D46DE8}") = "TestPros", "TestPros", "{35F57B42-FA48-4D50-8B93-C0C49BA67BD2}"
EndProject
Project("{9A19103F-16F7-4668-BE54-9A1E7A4F7556}") = "AtomicCore.Integration.MssqlDbProvider", "AtomicCore.Integration.MssqlDbProvider\AtomicCore.Integration.MssqlDbProvider.csproj", "{A46B9CFF-923B-467E-9A4A-9D4F51EBB43A}"
EndProject
Project("{9A19103F-16F7-4668-BE54-9A1E7A4F7556}") = "AtomicCore.Integration.MssqlDbProviderUnitTest", "AtomicCore.Integration.MssqlDbProviderUnitTest\AtomicCore.Integration.MssqlDbProviderUnitTest.csproj", "{592B1E6E-3AD7-46DB-8CC1-9AE50A0CA5FE}"
EndProject
Project("{9A19103F-16F7-4668-BE54-9A1E7A4F7556}") = "AtomicCore.Integration.MysqlDbProvider", "AtomicCore.Integration.MysqlDbProvider\AtomicCore.Integration.MysqlDbProvider.csproj", "{4908441D-3828-4B39-A499-9666CDA4361E}"
EndProject
Project("{9A19103F-16F7-4668-BE54-9A1E7A4F7556}") = "AtomicCore.Integration.MysqlDbProviderUnitTest", "AtomicCore.Integration.MysqlDbProviderUnitTest\AtomicCore.Integration.MysqlDbProviderUnitTest.csproj", "{32D7DAD5-DB8E-4B3B-BC8A-B33C84ED4712}"
EndProject
Project("{2150E333-8FDC-42A3-9474-1A3956D46DE8}") = "IOStorage", "IOStorage", "{2B525525-AA5C-4B1E-961A-EB384AC512D3}"
EndProject
Project("{9A19103F-16F7-4668-BE54-9A1E7A4F7556}") = "AtomicCore.IOStorage.Core", "AtomicCore.IOStorage.Core\AtomicCore.IOStorage.Core.csproj", "{892D51D3-732B-44C9-8DA9-C7112F5369D7}"
EndProject
Project("{9A19103F-16F7-4668-BE54-9A1E7A4F7556}") = "AtomicCore.IOStorage.StoragePort", "AtomicCore.IOStorage.StoragePort\AtomicCore.IOStorage.StoragePort.csproj", "{A67CAF65-F4F9-4437-877C-67F159717958}"
EndProject
Project("{9A19103F-16F7-4668-BE54-9A1E7A4F7556}") = "AtomicCore.IOStorage.CoreUnitTest", "AtomicCore.IOStorage.CoreUnitTest\AtomicCore.IOStorage.CoreUnitTest.csproj", "{7E0D0781-69FB-41EC-856F-0A974A759513}"
EndProject
Project("{2150E333-8FDC-42A3-9474-1A3956D46DE8}") = "Socket", "Socket", "{A47AB5F1-C4C7-401E-AD2D-A43B83EE2221}"
EndProject
Project("{FAE04EC0-301F-11D3-BF4B-00C04F79EFBC}") = "AtomicCore.SocketIO.Emitter", "AtomicCore.SocketIO.Emitter\AtomicCore.SocketIO.Emitter.csproj", "{BB315B50-9773-48BE-98D3-003B43C2F489}"
EndProject
Global
	GlobalSection(SolutionConfigurationPlatforms) = preSolution
		Debug|Any CPU = Debug|Any CPU
		Release|Any CPU = Release|Any CPU
	EndGlobalSection
	GlobalSection(ProjectConfigurationPlatforms) = postSolution
		{BBD9F726-4A9D-4525-8388-5211CCDDC0FE}.Debug|Any CPU.ActiveCfg = Debug|Any CPU
		{BBD9F726-4A9D-4525-8388-5211CCDDC0FE}.Debug|Any CPU.Build.0 = Debug|Any CPU
		{BBD9F726-4A9D-4525-8388-5211CCDDC0FE}.Release|Any CPU.ActiveCfg = Release|Any CPU
		{BBD9F726-4A9D-4525-8388-5211CCDDC0FE}.Release|Any CPU.Build.0 = Release|Any CPU
		{A46B9CFF-923B-467E-9A4A-9D4F51EBB43A}.Debug|Any CPU.ActiveCfg = Debug|Any CPU
		{A46B9CFF-923B-467E-9A4A-9D4F51EBB43A}.Debug|Any CPU.Build.0 = Debug|Any CPU
		{A46B9CFF-923B-467E-9A4A-9D4F51EBB43A}.Release|Any CPU.ActiveCfg = Release|Any CPU
		{A46B9CFF-923B-467E-9A4A-9D4F51EBB43A}.Release|Any CPU.Build.0 = Release|Any CPU
		{592B1E6E-3AD7-46DB-8CC1-9AE50A0CA5FE}.Debug|Any CPU.ActiveCfg = Debug|Any CPU
		{592B1E6E-3AD7-46DB-8CC1-9AE50A0CA5FE}.Debug|Any CPU.Build.0 = Debug|Any CPU
		{592B1E6E-3AD7-46DB-8CC1-9AE50A0CA5FE}.Release|Any CPU.ActiveCfg = Release|Any CPU
		{592B1E6E-3AD7-46DB-8CC1-9AE50A0CA5FE}.Release|Any CPU.Build.0 = Release|Any CPU
		{4908441D-3828-4B39-A499-9666CDA4361E}.Debug|Any CPU.ActiveCfg = Debug|Any CPU
		{4908441D-3828-4B39-A499-9666CDA4361E}.Debug|Any CPU.Build.0 = Debug|Any CPU
		{4908441D-3828-4B39-A499-9666CDA4361E}.Release|Any CPU.ActiveCfg = Release|Any CPU
		{4908441D-3828-4B39-A499-9666CDA4361E}.Release|Any CPU.Build.0 = Release|Any CPU
		{32D7DAD5-DB8E-4B3B-BC8A-B33C84ED4712}.Debug|Any CPU.ActiveCfg = Debug|Any CPU
		{32D7DAD5-DB8E-4B3B-BC8A-B33C84ED4712}.Debug|Any CPU.Build.0 = Debug|Any CPU
		{32D7DAD5-DB8E-4B3B-BC8A-B33C84ED4712}.Release|Any CPU.ActiveCfg = Release|Any CPU
		{32D7DAD5-DB8E-4B3B-BC8A-B33C84ED4712}.Release|Any CPU.Build.0 = Release|Any CPU
		{892D51D3-732B-44C9-8DA9-C7112F5369D7}.Debug|Any CPU.ActiveCfg = Debug|Any CPU
		{892D51D3-732B-44C9-8DA9-C7112F5369D7}.Debug|Any CPU.Build.0 = Debug|Any CPU
		{892D51D3-732B-44C9-8DA9-C7112F5369D7}.Release|Any CPU.ActiveCfg = Release|Any CPU
		{892D51D3-732B-44C9-8DA9-C7112F5369D7}.Release|Any CPU.Build.0 = Release|Any CPU
		{A67CAF65-F4F9-4437-877C-67F159717958}.Debug|Any CPU.ActiveCfg = Debug|Any CPU
		{A67CAF65-F4F9-4437-877C-67F159717958}.Debug|Any CPU.Build.0 = Debug|Any CPU
		{A67CAF65-F4F9-4437-877C-67F159717958}.Release|Any CPU.ActiveCfg = Release|Any CPU
		{A67CAF65-F4F9-4437-877C-67F159717958}.Release|Any CPU.Build.0 = Release|Any CPU
		{7E0D0781-69FB-41EC-856F-0A974A759513}.Debug|Any CPU.ActiveCfg = Debug|Any CPU
		{7E0D0781-69FB-41EC-856F-0A974A759513}.Debug|Any CPU.Build.0 = Debug|Any CPU
		{7E0D0781-69FB-41EC-856F-0A974A759513}.Release|Any CPU.ActiveCfg = Release|Any CPU
		{7E0D0781-69FB-41EC-856F-0A974A759513}.Release|Any CPU.Build.0 = Release|Any CPU
		{BB315B50-9773-48BE-98D3-003B43C2F489}.Debug|Any CPU.ActiveCfg = Debug|Any CPU
		{BB315B50-9773-48BE-98D3-003B43C2F489}.Debug|Any CPU.Build.0 = Debug|Any CPU
		{BB315B50-9773-48BE-98D3-003B43C2F489}.Release|Any CPU.ActiveCfg = Release|Any CPU
		{BB315B50-9773-48BE-98D3-003B43C2F489}.Release|Any CPU.Build.0 = Release|Any CPU
	EndGlobalSection
	GlobalSection(SolutionProperties) = preSolution
		HideSolutionNode = FALSE
	EndGlobalSection
	GlobalSection(NestedProjects) = preSolution
		{BBD9F726-4A9D-4525-8388-5211CCDDC0FE} = {AC8D0699-48E5-484C-A64D-052945EFC20F}
		{A46B9CFF-923B-467E-9A4A-9D4F51EBB43A} = {AC8D0699-48E5-484C-A64D-052945EFC20F}
		{592B1E6E-3AD7-46DB-8CC1-9AE50A0CA5FE} = {35F57B42-FA48-4D50-8B93-C0C49BA67BD2}
		{4908441D-3828-4B39-A499-9666CDA4361E} = {AC8D0699-48E5-484C-A64D-052945EFC20F}
		{32D7DAD5-DB8E-4B3B-BC8A-B33C84ED4712} = {35F57B42-FA48-4D50-8B93-C0C49BA67BD2}
		{892D51D3-732B-44C9-8DA9-C7112F5369D7} = {2B525525-AA5C-4B1E-961A-EB384AC512D3}
		{A67CAF65-F4F9-4437-877C-67F159717958} = {2B525525-AA5C-4B1E-961A-EB384AC512D3}
		{7E0D0781-69FB-41EC-856F-0A974A759513} = {35F57B42-FA48-4D50-8B93-C0C49BA67BD2}
		{BB315B50-9773-48BE-98D3-003B43C2F489} = {A47AB5F1-C4C7-401E-AD2D-A43B83EE2221}
	EndGlobalSection
	GlobalSection(ExtensibilityGlobals) = postSolution
		SolutionGuid = {942DB662-B41D-4454-8FF9-2F118FA2B541}
	EndGlobalSection
EndGlobal
